
Microsoft Visual Studio Solution File, Format Version 12.00
# Visual Studio Version 17
VisualStudioVersion = 17.9.34723.18
MinimumVisualStudioVersion = 10.0.40219.1
Project("{FAE04EC0-301F-11D3-BF4B-00C04F79EFBC}") = "NewSolution", "NewSolution.csproj", "{09C22224-92B8-4729-86C0-C5471406716B}"
EndProject
Project("{FAE04EC0-301F-11D3-BF4B-00C04F79EFBC}") = "TestNewSolution", "..\TestNewSolution\TestNewSolution.csproj", "{393F6DF7-4CE2-4339-842D-1C0D61129E1C}"
EndProject
Global
	GlobalSection(SolutionConfigurationPlatforms) = preSolution
		Debug|Any CPU = Debug|Any CPU
		Release|Any CPU = Release|Any CPU
	EndGlobalSection
	GlobalSection(ProjectConfigurationPlatforms) = postSolution
		{09C22224-92B8-4729-86C0-C5471406716B}.Debug|Any CPU.ActiveCfg = Debug|Any CPU
		{09C22224-92B8-4729-86C0-C5471406716B}.Debug|Any CPU.Build.0 = Debug|Any CPU
		{09C22224-92B8-4729-86C0-C5471406716B}.Release|Any CPU.ActiveCfg = Release|Any CPU
		{09C22224-92B8-4729-86C0-C5471406716B}.Release|Any CPU.Build.0 = Release|Any CPU
		{393F6DF7-4CE2-4339-842D-1C0D61129E1C}.Debug|Any CPU.ActiveCfg = Debug|Any CPU
		{393F6DF7-4CE2-4339-842D-1C0D61129E1C}.Debug|Any CPU.Build.0 = Debug|Any CPU
		{393F6DF7-4CE2-4339-842D-1C0D61129E1C}.Release|Any CPU.ActiveCfg = Release|Any CPU
		{393F6DF7-4CE2-4339-842D-1C0D61129E1C}.Release|Any CPU.Build.0 = Release|Any CPU
	EndGlobalSection
	GlobalSection(SolutionProperties) = preSolution
		HideSolutionNode = FALSE
	EndGlobalSection
	GlobalSection(ExtensibilityGlobals) = postSolution
		SolutionGuid = {1324B73C-359A-4E15-81D4-1C063903C166}
	EndGlobalSection
EndGlobal
